
Microsoft Visual Studio Solution File, Format Version 12.00
# Visual Studio Version 17
VisualStudioVersion = 17.4.33213.308
MinimumVisualStudioVersion = 10.0.40219.1
Project("{9A19103F-16F7-4668-BE54-9A1E7A4F7556}") = "Coursework", "Coursework\Coursework.csproj", "{EA96694F-62DD-49CF-83E7-F7734539037F}"
EndProject
Global
	GlobalSection(SolutionConfigurationPlatforms) = preSolution
		Debug|Any CPU = Debug|Any CPU
		Release|Any CPU = Release|Any CPU
	EndGlobalSection
	GlobalSection(ProjectConfigurationPlatforms) = postSolution
		{EA96694F-62DD-49CF-83E7-F7734539037F}.Debug|Any CPU.ActiveCfg = Debug|Any CPU
		{EA96694F-62DD-49CF-83E7-F7734539037F}.Debug|Any CPU.Build.0 = Debug|Any CPU
		{EA96694F-62DD-49CF-83E7-F7734539037F}.Release|Any CPU.ActiveCfg = Release|Any CPU
		{EA96694F-62DD-49CF-83E7-F7734539037F}.Release|Any CPU.Build.0 = Release|Any CPU
	EndGlobalSection
	GlobalSection(SolutionProperties) = preSolution
		HideSolutionNode = FALSE
	EndGlobalSection
	GlobalSection(ExtensibilityGlobals) = postSolution
		SolutionGuid = {4C7B4737-A7C5-4634-B0BC-3DE58B3328F2}
	EndGlobalSection
EndGlobal
